<?xml version="1.0" encoding="utf-8"?>
<Project ToolsVersion="4.0" xmlns="http://schemas.microsoft.com/developer/msbuild/2003">
  <ItemGroup>
    <Filter Include="Source Files">
      <UniqueIdentifier>{4FC737F1-C7A5-4376-A066-2A32D752A2FF}</UniqueIdentifier>
      <Extensions>cpp;c;cc;cxx;c++;cppm;ixx;def;odl;idl;hpj;bat;asm;asmx</Extensions>
    </Filter>
    <Filter Include="Header Files">
      <UniqueIdentifier>{93995380-89BD-4b04-88EB-625FBE52EBFB}</UniqueIdentifier>
      <Extensions>h;hh;hpp;hxx;h++;hm;inl;inc;ipp;xsd</Extensions>
    </Filter>
    <Filter Include="Resource Files">
      <UniqueIdentifier>{67DA6AB6-F800-4c08-8B7A-83BB121AAD01}</UniqueIdentifier>
      <Extensions>rc;ico;cur;bmp;dlg;rc2;rct;bin;rgs;gif;jpg;jpeg;jpe;resx;tiff;tif;png;wav;mfcribbon-ms</Extensions>
    </Filter>
  </ItemGroup>
  <ItemGroup>
    <ClInclude Include="Libs\httplib.h">
      <Filter>Header Files</Filter>
    </ClInclude>
    <ClInclude Include="Content\index.html.h">
      <Filter>Header Files</Filter>
    </ClInclude>
    <ClInclude Include="Libs\easywsclient.h">
      <Filter>Header Files</Filter>
    </ClInclude>
    <ClInclude Include="src\Content\index.html.h">
      <Filter>Header Files</Filter>
    </ClInclude>
    <ClInclude Include="src\Libs\httplib.h">
      <Filter>Header Files</Filter>
    </ClInclude>
    <ClInclude Include="src\Libs\Ext\WebSocketServer.hpp">
      <Filter>Header Files</Filter>
    </ClInclude>
    <ClInclude Include="src\Libs\Ext\Hash\blake1_224.h">
      <Filter>Header Files</Filter>
    </ClInclude>
    <ClInclude Include="src\Libs\Ext\Hash\blake1_256.h">
      <Filter>Header Files</Filter>
    </ClInclude>
    <ClInclude Include="src\Libs\Ext\Hash\blake1_384.h">
      <Filter>Header Files</Filter>
    </ClInclude>
    <ClInclude Include="src\Libs\Ext\Hash\blake1_512.h">
      <Filter>Header Files</Filter>
    </ClInclude>
    <ClInclude Include="src\Libs\Ext\Hash\blake2.h">
      <Filter>Header Files</Filter>
    </ClInclude>
    <ClInclude Include="src\Libs\Ext\Hash\blake2s.h">
      <Filter>Header Files</Filter>
    </ClInclude>
    <ClInclude Include="src\Libs\Ext\Hash\crc_32.h">
      <Filter>Header Files</Filter>
    </ClInclude>
    <ClInclude Include="src\Libs\Ext\Hash\cshake.h">
      <Filter>Header Files</Filter>
    </ClInclude>
    <ClInclude Include="src\Libs\Ext\Hash\fnv.h">
      <Filter>Header Files</Filter>
    </ClInclude>
    <ClInclude Include="src\Libs\Ext\Hash\has_160.h">
      <Filter>Header Files</Filter>
    </ClInclude>
    <ClInclude Include="src\Libs\Ext\Hash\md2.h">
      <Filter>Header Files</Filter>
    </ClInclude>
    <ClInclude Include="src\Libs\Ext\Hash\md4.h">
      <Filter>Header Files</Filter>
    </ClInclude>
    <ClInclude Include="src\Libs\Ext\Hash\md5.h">
      <Filter>Header Files</Filter>
    </ClInclude>
    <ClInclude Include="src\Libs\Ext\Hash\ripemd_128.h">
      <Filter>Header Files</Filter>
    </ClInclude>
    <ClInclude Include="src\Libs\Ext\Hash\ripemd_160.h">
      <Filter>Header Files</Filter>
    </ClInclude>
    <ClInclude Include="src\Libs\Ext\Hash\ripemd_256.h">
      <Filter>Header Files</Filter>
    </ClInclude>
    <ClInclude Include="src\Libs\Ext\Hash\ripemd_320.h">
      <Filter>Header Files</Filter>
    </ClInclude>
    <ClInclude Include="src\Libs\Ext\Hash\sha1.h">
      <Filter>Header Files</Filter>
    </ClInclude>
    <ClInclude Include="src\Libs\Ext\Hash\sha2_224.h">
      <Filter>Header Files</Filter>
    </ClInclude>
    <ClInclude Include="src\Libs\Ext\Hash\sha2_256.h">
      <Filter>Header Files</Filter>
    </ClInclude>
    <ClInclude Include="src\Libs\Ext\Hash\sha2_384.h">
      <Filter>Header Files</Filter>
    </ClInclude>
    <ClInclude Include="src\Libs\Ext\Hash\sha2_512.h">
      <Filter>Header Files</Filter>
    </ClInclude>
    <ClInclude Include="src\Libs\Ext\Hash\sha2_512_224.h">
      <Filter>Header Files</Filter>
    </ClInclude>
    <ClInclude Include="src\Libs\Ext\Hash\sha2_512_256.h">
      <Filter>Header Files</Filter>
    </ClInclude>
    <ClInclude Include="src\Libs\Ext\Hash\sha3.h">
      <Filter>Header Files</Filter>
    </ClInclude>
    <ClInclude Include="src\Libs\Ext\Hash\siphash.h">
      <Filter>Header Files</Filter>
    </ClInclude>
    <ClInclude Include="src\Libs\Ext\Hash\sm3.h">
      <Filter>Header Files</Filter>
    </ClInclude>
    <ClInclude Include="src\Libs\Ext\Hash\tiger.h">
      <Filter>Header Files</Filter>
    </ClInclude>
    <ClInclude Include="src\Libs\Ext\Hash\tuple_hash.h">
      <Filter>Header Files</Filter>
    </ClInclude>
    <ClInclude Include="src\Libs\Ext\Hash\whirlpool.h">
      <Filter>Header Files</Filter>
    </ClInclude>
    <ClInclude Include="src\Libs\Ext\Common\Dbg.hpp">
      <Filter>Header Files</Filter>
    </ClInclude>
    <ClInclude Include="src\Libs\Ext\Common\Types.hpp">
      <Filter>Header Files</Filter>
    </ClInclude>
    <ClInclude Include="src\Libs\Ext\Sockets\SocketCompat.hpp">
      <Filter>Header Files</Filter>
    </ClInclude>
    <ClInclude Include="src\Libs\Ext\Sockets\Tcp.hpp">
      <Filter>Header Files</Filter>
    </ClInclude>
    <ClInclude Include="src\Libs\Ext\Sockets\TcpServer.hpp">
      <Filter>Header Files</Filter>
    </ClInclude>
    <ClInclude Include="src\Libs\Ext\Common.hpp">
      <Filter>Header Files</Filter>
    </ClInclude>
    <ClInclude Include="src\Libs\Ext\Sockets.hpp">
      <Filter>Header Files</Filter>
    </ClInclude>
    <ClInclude Include="src\Libs\Ext\RemoteDebug.hpp">
      <Filter>Header Files</Filter>
    </ClInclude>
  </ItemGroup>
  <ItemGroup>
    <ClCompile Include="src\main.cpp">
      <Filter>Source Files</Filter>
    </ClCompile>
  </ItemGroup>
  <ItemGroup>
    <None Include="src\Content\index.html" />
  </ItemGroup>
</Project>